// !$*UTF8*$!
{
	archiveVersion = 1;
	classes = {
	};
	objectVersion = 46;
	objects = {

/* Begin PBXBuildFile section */
		523142011E95AC320082569A /* AppDelegate.swift in Sources */ = {isa = PBXBuildFile; fileRef = 523142001E95AC320082569A /* AppDelegate.swift */; };
		523142031E95AC320082569A /* ViewController.swift in Sources */ = {isa = PBXBuildFile; fileRef = 523142021E95AC320082569A /* ViewController.swift */; };
		523142061E95AC320082569A /* Main.storyboard in Resources */ = {isa = PBXBuildFile; fileRef = 523142041E95AC320082569A /* Main.storyboard */; };
		523142081E95AC320082569A /* Assets.xcassets in Resources */ = {isa = PBXBuildFile; fileRef = 523142071E95AC320082569A /* Assets.xcassets */; };
		5231420B1E95AC320082569A /* LaunchScreen.storyboard in Resources */ = {isa = PBXBuildFile; fileRef = 523142091E95AC320082569A /* LaunchScreen.storyboard */; };
		523142141E95AE300082569A /* CameraCaptureHelper.swift in Sources */ = {isa = PBXBuildFile; fileRef = 523142121E95AE300082569A /* CameraCaptureHelper.swift */; };
		523142151E95AE300082569A /* ImageView.swift in Sources */ = {isa = PBXBuildFile; fileRef = 523142131E95AE300082569A /* ImageView.swift */; };
/* End PBXBuildFile section */

/* Begin PBXFileReference section */
		523141FD1E95AC320082569A /* zazpic.app */ = {isa = PBXFileReference; explicitFileType = wrapper.application; includeInIndex = 0; path = zazpic.app; sourceTree = BUILT_PRODUCTS_DIR; };
		523142001E95AC320082569A /* AppDelegate.swift */ = {isa = PBXFileReference; lastKnownFileType = sourcecode.swift; path = AppDelegate.swift; sourceTree = "<group>"; };
		523142021E95AC320082569A /* ViewController.swift */ = {isa = PBXFileReference; lastKnownFileType = sourcecode.swift; path = ViewController.swift; sourceTree = "<group>"; };
		523142051E95AC320082569A /* Base */ = {isa = PBXFileReference; lastKnownFileType = file.storyboard; name = Base; path = Base.lproj/Main.storyboard; sourceTree = "<group>"; };
		523142071E95AC320082569A /* Assets.xcassets */ = {isa = PBXFileReference; lastKnownFileType = folder.assetcatalog; path = Assets.xcassets; sourceTree = "<group>"; };
		5231420A1E95AC320082569A /* Base */ = {isa = PBXFileReference; lastKnownFileType = file.storyboard; name = Base; path = Base.lproj/LaunchScreen.storyboard; sourceTree = "<group>"; };
		5231420C1E95AC320082569A /* Info.plist */ = {isa = PBXFileReference; lastKnownFileType = text.plist.xml; path = Info.plist; sourceTree = "<group>"; };
		523142121E95AE300082569A /* CameraCaptureHelper.swift */ = {isa = PBXFileReference; fileEncoding = 4; lastKnownFileType = sourcecode.swift; path = CameraCaptureHelper.swift; sourceTree = "<group>"; };
		523142131E95AE300082569A /* ImageView.swift */ = {isa = PBXFileReference; fileEncoding = 4; lastKnownFileType = sourcecode.swift; path = ImageView.swift; sourceTree = "<group>"; };
/* End PBXFileReference section */

/* Begin PBXFrameworksBuildPhase section */
		523141FA1E95AC320082569A /* Frameworks */ = {
			isa = PBXFrameworksBuildPhase;
			buildActionMask = 2147483647;
			files = (
			);
			runOnlyForDeploymentPostprocessing = 0;
		};
/* End PBXFrameworksBuildPhase section */

/* Begin PBXGroup section */
		523141F41E95AC320082569A = {
			isa = PBXGroup;
			children = (
				523141FF1E95AC320082569A /* zazpic */,
				523141FE1E95AC320082569A /* Products */,
			);
			sourceTree = "<group>";
		};
		523141FE1E95AC320082569A /* Products */ = {
			isa = PBXGroup;
			children = (
				523141FD1E95AC320082569A /* zazpic.app */,
			);
			name = Products;
			sourceTree = "<group>";
		};
		523141FF1E95AC320082569A /* zazpic */ = {
			isa = PBXGroup;
			children = (
				523142001E95AC320082569A /* AppDelegate.swift */,
				523142121E95AE300082569A /* CameraCaptureHelper.swift */,
				523142131E95AE300082569A /* ImageView.swift */,
				523142021E95AC320082569A /* ViewController.swift */,
				523142041E95AC320082569A /* Main.storyboard */,
				523142071E95AC320082569A /* Assets.xcassets */,
				523142091E95AC320082569A /* LaunchScreen.storyboard */,
				5231420C1E95AC320082569A /* Info.plist */,
			);
			path = zazpic;
			sourceTree = "<group>";
		};
/* End PBXGroup section */

/* Begin PBXNativeTarget section */
		523141FC1E95AC320082569A /* zazpic */ = {
			isa = PBXNativeTarget;
			buildConfigurationList = 5231420F1E95AC320082569A /* Build configuration list for PBXNativeTarget "zazpic" */;
			buildPhases = (
				523141F91E95AC320082569A /* Sources */,
				523141FA1E95AC320082569A /* Frameworks */,
				523141FB1E95AC320082569A /* Resources */,
			);
			buildRules = (
			);
			dependencies = (
			);
			name = zazpic;
			productName = zazpic;
			productReference = 523141FD1E95AC320082569A /* zazpic.app */;
			productType = "com.apple.product-type.application";
		};
/* End PBXNativeTarget section */

/* Begin PBXProject section */
		523141F51E95AC320082569A /* Project object */ = {
			isa = PBXProject;
			attributes = {
				LastSwiftUpdateCheck = 0830;
				LastUpgradeCheck = 0830;
				ORGANIZATIONNAME = "Antonie Jovanoski";
				TargetAttributes = {
					523141FC1E95AC320082569A = {
						CreatedOnToolsVersion = 8.3;
						DevelopmentTeam = 9XA2D6V342;
						ProvisioningStyle = Automatic;
					};
				};
			};
			buildConfigurationList = 523141F81E95AC320082569A /* Build configuration list for PBXProject "zazpic" */;
			compatibilityVersion = "Xcode 3.2";
			developmentRegion = English;
			hasScannedForEncodings = 0;
			knownRegions = (
				en,
				Base,
			);
			mainGroup = 523141F41E95AC320082569A;
			productRefGroup = 523141FE1E95AC320082569A /* Products */;
			projectDirPath = "";
			projectRoot = "";
			targets = (
				523141FC1E95AC320082569A /* zazpic */,
			);
		};
/* End PBXProject section */

/* Begin PBXResourcesBuildPhase section */
		523141FB1E95AC320082569A /* Resources */ = {
			isa = PBXResourcesBuildPhase;
			buildActionMask = 2147483647;
			files = (
				5231420B1E95AC320082569A /* LaunchScreen.storyboard in Resources */,
				523142081E95AC320082569A /* Assets.xcassets in Resources */,
				523142061E95AC320082569A /* Main.storyboard in Resources */,
			);
			runOnlyForDeploymentPostprocessing = 0;
		};
/* End PBXResourcesBuildPhase section */

/* Begin PBXSourcesBuildPhase section */
		523141F91E95AC320082569A /* Sources */ = {
			isa = PBXSourcesBuildPhase;
			buildActionMask = 2147483647;
			files = (
				523142151E95AE300082569A /* ImageView.swift in Sources */,
				523142141E95AE300082569A /* CameraCaptureHelper.swift in Sources */,
				523142031E95AC320082569A /* ViewController.swift in Sources */,
				523142011E95AC320082569A /* AppDelegate.swift in Sources */,
			);
			runOnlyForDeploymentPostprocessing = 0;
		};
/* End PBXSourcesBuildPhase section */

/* Begin PBXVariantGroup section */
		523142041E95AC320082569A /* Main.storyboard */ = {
			isa = PBXVariantGroup;
			children = (
				523142051E95AC320082569A /* Base */,
			);
			name = Main.storyboard;
			sourceTree = "<group>";
		};
		523142091E95AC320082569A /* LaunchScreen.storyboard */ = {
			isa = PBXVariantGroup;
			children = (
				5231420A1E95AC320082569A /* Base */,
			);
			name = LaunchScreen.storyboard;
			sourceTree = "<group>";
		};
/* End PBXVariantGroup section */

/* Begin XCBuildConfiguration section */
		5231420D1E95AC320082569A /* Debug */ = {
			isa = XCBuildConfiguration;
			buildSettings = {
				ALWAYS_SEARCH_USER_PATHS = NO;
				CLANG_ANALYZER_NONNULL = YES;
				CLANG_ANALYZER_NUMBER_OBJECT_CONVERSION = YES_AGGRESSIVE;
				CLANG_CXX_LANGUAGE_STANDARD = "gnu++0x";
				CLANG_CXX_LIBRARY = "libc++";
				CLANG_ENABLE_MODULES = YES;
				CLANG_ENABLE_OBJC_ARC = YES;
				CLANG_WARN_BOOL_CONVERSION = YES;
				CLANG_WARN_CONSTANT_CONVERSION = YES;
				CLANG_WARN_DIRECT_OBJC_ISA_USAGE = YES_ERROR;
				CLANG_WARN_DOCUMENTATION_COMMENTS = YES;
				CLANG_WARN_EMPTY_BODY = YES;
				CLANG_WARN_ENUM_CONVERSION = YES;
				CLANG_WARN_INFINITE_RECURSION = YES;
				CLANG_WARN_INT_CONVERSION = YES;
				CLANG_WARN_OBJC_ROOT_CLASS = YES_ERROR;
				CLANG_WARN_SUSPICIOUS_MOVE = YES;
				CLANG_WARN_UNREACHABLE_CODE = YES;
				CLANG_WARN__DUPLICATE_METHOD_MATCH = YES;
				"CODE_SIGN_IDENTITY[sdk=iphoneos*]" = "iPhone Developer";
				COPY_PHASE_STRIP = NO;
				DEBUG_INFORMATION_FORMAT = dwarf;
				ENABLE_STRICT_OBJC_MSGSEND = YES;
				ENABLE_TESTABILITY = YES;
				GCC_C_LANGUAGE_STANDARD = gnu99;
				GCC_DYNAMIC_NO_PIC = NO;
				GCC_NO_COMMON_BLOCKS = YES;
				GCC_OPTIMIZATION_LEVEL = 0;
				GCC_PREPROCESSOR_DEFINITIONS = (
					"DEBUG=1",
					"$(inherited)",
				);
				GCC_WARN_64_TO_32_BIT_CONVERSION = YES;
				GCC_WARN_ABOUT_RETURN_TYPE = YES_ERROR;
				GCC_WARN_UNDECLARED_SELECTOR = YES;
				GCC_WARN_UNINITIALIZED_AUTOS = YES_AGGRESSIVE;
				GCC_WARN_UNUSED_FUNCTION = YES;
				GCC_WARN_UNUSED_VARIABLE = YES;
				IPHONEOS_DEPLOYMENT_TARGET = 10.3;
				MTL_ENABLE_DEBUG_INFO = YES;
				ONLY_ACTIVE_ARCH = YES;
				SDKROOT = iphoneos;
				SWIFT_ACTIVE_COMPILATION_CONDITIONS = DEBUG;
				SWIFT_OPTIMIZATION_LEVEL = "-Onone";
				TARGETED_DEVICE_FAMILY = "1,2";
			};
			name = Debug;
		};
		5231420E1E95AC320082569A /* Release */ = {
			isa = XCBuildConfiguration;
			buildSettings = {
				ALWAYS_SEARCH_USER_PATHS = NO;
				CLANG_ANALYZER_NONNULL = YES;
				CLANG_ANALYZER_NUMBER_OBJECT_CONVERSION = YES_AGGRESSIVE;
				CLANG_CXX_LANGUAGE_STANDARD = "gnu++0x";
				CLANG_CXX_LIBRARY = "libc++";
				CLANG_ENABLE_MODULES = YES;
				CLANG_ENABLE_OBJC_ARC = YES;
				CLANG_WARN_BOOL_CONVERSION = YES;
				CLANG_WARN_CONSTANT_CONVERSION = YES;
				CLANG_WARN_DIRECT_OBJC_ISA_USAGE = YES_ERROR;
				CLANG_WARN_DOCUMENTATION_COMMENTS = YES;
				CLANG_WARN_EMPTY_BODY = YES;
				CLANG_WARN_ENUM_CONVERSION = YES;
				CLANG_WARN_INFINITE_RECURSION = YES;
				CLANG_WARN_INT_CONVERSION = YES;
				CLANG_WARN_OBJC_ROOT_CLASS = YES_ERROR;
				CLANG_WARN_SUSPICIOUS_MOVE = YES;
				CLANG_WARN_UNREACHABLE_CODE = YES;
				CLANG_WARN__DUPLICATE_METHOD_MATCH = YES;
				"CODE_SIGN_IDENTITY[sdk=iphoneos*]" = "iPhone Developer";
				COPY_PHASE_STRIP = NO;
				DEBUG_INFORMATION_FORMAT = "dwarf-with-dsym";
				ENABLE_NS_ASSERTIONS = NO;
				ENABLE_STRICT_OBJC_MSGSEND = YES;
				GCC_C_LANGUAGE_STANDARD = gnu99;
				GCC_NO_COMMON_BLOCKS = YES;
				GCC_WARN_64_TO_32_BIT_CONVERSION = YES;
				GCC_WARN_ABOUT_RETURN_TYPE = YES_ERROR;
				GCC_WARN_UNDECLARED_SELECTOR = YES;
				GCC_WARN_UNINITIALIZED_AUTOS = YES_AGGRESSIVE;
				GCC_WARN_UNUSED_FUNCTION = YES;
				GCC_WARN_UNUSED_VARIABLE = YES;
				IPHONEOS_DEPLOYMENT_TARGET = 10.3;
				MTL_ENABLE_DEBUG_INFO = NO;
				SDKROOT = iphoneos;
				SWIFT_OPTIMIZATION_LEVEL = "-Owholemodule";
				TARGETED_DEVICE_FAMILY = "1,2";
				VALIDATE_PRODUCT = YES;
			};
			name = Release;
		};
		523142101E95AC320082569A /* Debug */ = {
			isa = XCBuildConfiguration;
			buildSettings = {
				ASSETCATALOG_COMPILER_APPICON_NAME = AppIcon;
				DEVELOPMENT_TEAM = 9XA2D6V342;
				INFOPLIST_FILE = zazpic/Info.plist;
				LD_RUNPATH_SEARCH_PATHS = "$(inherited) @executable_path/Frameworks";
				PRODUCT_BUNDLE_IDENTIFIER = com.antonie.zazpic;
				PRODUCT_NAME = "$(TARGET_NAME)";
				SWIFT_VERSION = 3.0;
			};
			name = Debug;
		};
		523142111E95AC320082569A /* Release */ = {
			isa = XCBuildConfiguration;
			buildSettings = {
				ASSETCATALOG_COMPILER_APPICON_NAME = AppIcon;
				DEVELOPMENT_TEAM = 9XA2D6V342;
				INFOPLIST_FILE = zazpic/Info.plist;
				LD_RUNPATH_SEARCH_PATHS = "$(inherited) @executable_path/Frameworks";
				PRODUCT_BUNDLE_IDENTIFIER = com.antonie.zazpic;
				PRODUCT_NAME = "$(TARGET_NAME)";
				SWIFT_VERSION = 3.0;
			};
			name = Release;
		};
/* End XCBuildConfiguration section */

/* Begin XCConfigurationList section */
		523141F81E95AC320082569A /* Build configuration list for PBXProject "zazpic" */ = {
			isa = XCConfigurationList;
			buildConfigurations = (
				5231420D1E95AC320082569A /* Debug */,
				5231420E1E95AC320082569A /* Release */,
			);
			defaultConfigurationIsVisible = 0;
			defaultConfigurationName = Release;
		};
		5231420F1E95AC320082569A /* Build configuration list for PBXNativeTarget "zazpic" */ = {
			isa = XCConfigurationList;
			buildConfigurations = (
				523142101E95AC320082569A /* Debug */,
				523142111E95AC320082569A /* Release */,
			);
			defaultConfigurationIsVisible = 0;
			defaultConfigurationName = Release;
		};
/* End XCConfigurationList section */
	};
	rootObject = 523141F51E95AC320082569A /* Project object */;
}
